
Microsoft Visual Studio Solution File, Format Version 12.00
# Visual Studio Version 16
VisualStudioVersion = 16.0.33027.164
MinimumVisualStudioVersion = 10.0.40219.1
Project("{FAE04EC0-301F-11D3-BF4B-00C04F79EFBC}") = "NgolaTur", "NgolaTur\NgolaTur.csproj", "{513EFE5A-CCBA-4B8B-B6D6-4DB3C1A981B5}"
EndProject
Global
	GlobalSection(SolutionConfigurationPlatforms) = preSolution
		Debug|Any CPU = Debug|Any CPU
		Release|Any CPU = Release|Any CPU
	EndGlobalSection
	GlobalSection(ProjectConfigurationPlatforms) = postSolution
		{513EFE5A-CCBA-4B8B-B6D6-4DB3C1A981B5}.Debug|Any CPU.ActiveCfg = Debug|Any CPU
		{513EFE5A-CCBA-4B8B-B6D6-4DB3C1A981B5}.Debug|Any CPU.Build.0 = Debug|Any CPU
		{513EFE5A-CCBA-4B8B-B6D6-4DB3C1A981B5}.Release|Any CPU.ActiveCfg = Release|Any CPU
		{513EFE5A-CCBA-4B8B-B6D6-4DB3C1A981B5}.Release|Any CPU.Build.0 = Release|Any CPU
	EndGlobalSection
	GlobalSection(SolutionProperties) = preSolution
		HideSolutionNode = FALSE
	EndGlobalSection
	GlobalSection(ExtensibilityGlobals) = postSolution
		SolutionGuid = {5A83FC4C-DE43-4999-9B8F-F3B1685F2D74}
	EndGlobalSection
EndGlobal
